
Microsoft Visual Studio Solution File, Format Version 12.00
Project("{FAE04EC0-301F-11D3-BF4B-00C04F79EFBC}") = "DocTagger", "DocTagger\DocTagger.csproj", "{D2A01F55-F1F1-4148-9F01-DA8B5F3E8285}"
EndProject
Global
	GlobalSection(SolutionConfigurationPlatforms) = preSolution
		Debug|Any CPU = Debug|Any CPU
		Release|Any CPU = Release|Any CPU
	EndGlobalSection
	GlobalSection(ProjectConfigurationPlatforms) = postSolution
		{D2A01F55-F1F1-4148-9F01-DA8B5F3E8285}.Debug|Any CPU.ActiveCfg = Debug|Any CPU
		{D2A01F55-F1F1-4148-9F01-DA8B5F3E8285}.Debug|Any CPU.Build.0 = Debug|Any CPU
		{D2A01F55-F1F1-4148-9F01-DA8B5F3E8285}.Release|Any CPU.ActiveCfg = Release|Any CPU
		{D2A01F55-F1F1-4148-9F01-DA8B5F3E8285}.Release|Any CPU.Build.0 = Release|Any CPU
	EndGlobalSection
EndGlobal
